// !$*UTF8*$!
{
	archiveVersion = 1;
	classes = {
	};
	objectVersion = 48;
	objects = {

/* Begin PBXBuildFile section */
		840596AF20F3811F00E54DD2 /* ProfileViewCell.swift in Sources */ = {isa = PBXBuildFile; fileRef = 840596AE20F3811F00E54DD2 /* ProfileViewCell.swift */; };
		840596B120F3948A00E54DD2 /* FormViewController.swift in Sources */ = {isa = PBXBuildFile; fileRef = 840596B020F3948A00E54DD2 /* FormViewController.swift */; };
		84135B0A20E62ADB001F6531 /* Login.storyboard in Resources */ = {isa = PBXBuildFile; fileRef = 84135B0920E62ADB001F6531 /* Login.storyboard */; };
		84135B0D20E62AFF001F6531 /* Registration.storyboard in Resources */ = {isa = PBXBuildFile; fileRef = 84135B0C20E62AFF001F6531 /* Registration.storyboard */; };
		84135B1020E62B2A001F6531 /* Recovery.storyboard in Resources */ = {isa = PBXBuildFile; fileRef = 84135B0F20E62B2A001F6531 /* Recovery.storyboard */; };
		84135B1720E62F33001F6531 /* RecoveryPhoneViewController.swift in Sources */ = {isa = PBXBuildFile; fileRef = 84135B1620E62F33001F6531 /* RecoveryPhoneViewController.swift */; };
		84135B1920E62F52001F6531 /* RevoveryPasswordViewController.swift in Sources */ = {isa = PBXBuildFile; fileRef = 84135B1820E62F52001F6531 /* RevoveryPasswordViewController.swift */; };
		84135B1B20E62F64001F6531 /* RecoveryViewController.swift in Sources */ = {isa = PBXBuildFile; fileRef = 84135B1A20E62F64001F6531 /* RecoveryViewController.swift */; };
		84135B1D20E62F7B001F6531 /* RegistrationViewController.swift in Sources */ = {isa = PBXBuildFile; fileRef = 84135B1C20E62F7B001F6531 /* RegistrationViewController.swift */; };
		84135B1F20E62F8F001F6531 /* LoginViewController.swift in Sources */ = {isa = PBXBuildFile; fileRef = 84135B1E20E62F8F001F6531 /* LoginViewController.swift */; };
		84135B2120E63104001F6531 /* BlueView.swift in Sources */ = {isa = PBXBuildFile; fileRef = 84135B2020E63104001F6531 /* BlueView.swift */; };
		84135B2420E6323E001F6531 /* Extentions.swift in Sources */ = {isa = PBXBuildFile; fileRef = 84135B2320E6323E001F6531 /* Extentions.swift */; };
		84135B2620E63303001F6531 /* Constants.swift in Sources */ = {isa = PBXBuildFile; fileRef = 84135B2520E63303001F6531 /* Constants.swift */; };
		84135B2820E634E0001F6531 /* BlueButton.swift in Sources */ = {isa = PBXBuildFile; fileRef = 84135B2720E634E0001F6531 /* BlueButton.swift */; };
		84135B2A20E63974001F6531 /* RegistrationButton.swift in Sources */ = {isa = PBXBuildFile; fileRef = 84135B2920E63974001F6531 /* RegistrationButton.swift */; };
		84135B2C20E646DD001F6531 /* HBSegmentedControl.swift in Sources */ = {isa = PBXBuildFile; fileRef = 84135B2B20E646DD001F6531 /* HBSegmentedControl.swift */; };
		84135B3520E64EEA001F6531 /* Roboto-Light.ttf in Resources */ = {isa = PBXBuildFile; fileRef = 84135B3420E64C84001F6531 /* Roboto-Light.ttf */; };
		84135B3620E64EEC001F6531 /* Roboto-Regular.ttf in Resources */ = {isa = PBXBuildFile; fileRef = 84135B3320E64C73001F6531 /* Roboto-Regular.ttf */; };
		84135B3720E64EEE001F6531 /* Roboto-Bold.ttf in Resources */ = {isa = PBXBuildFile; fileRef = 84135B3220E64C66001F6531 /* Roboto-Bold.ttf */; };
		84135B3820E64EF0001F6531 /* Roboto-Medium.ttf in Resources */ = {isa = PBXBuildFile; fileRef = 84135B3120E64C66001F6531 /* Roboto-Medium.ttf */; };
		84135B3920E64EF3001F6531 /* Roboto-MediumItalic.ttf in Resources */ = {isa = PBXBuildFile; fileRef = 84135B3020E64C65001F6531 /* Roboto-MediumItalic.ttf */; };
		8437018E20E10B9500910A1D /* AppDelegate.swift in Sources */ = {isa = PBXBuildFile; fileRef = 8437018D20E10B9500910A1D /* AppDelegate.swift */; };
		8437019320E10B9500910A1D /* Main.storyboard in Resources */ = {isa = PBXBuildFile; fileRef = 8437019120E10B9500910A1D /* Main.storyboard */; };
		8437019520E10B9500910A1D /* Assets.xcassets in Resources */ = {isa = PBXBuildFile; fileRef = 8437019420E10B9500910A1D /* Assets.xcassets */; };
		8437019820E10B9500910A1D /* LaunchScreen.storyboard in Resources */ = {isa = PBXBuildFile; fileRef = 8437019620E10B9500910A1D /* LaunchScreen.storyboard */; };
		843701A320E10B9500910A1D /* poputkaTests.swift in Sources */ = {isa = PBXBuildFile; fileRef = 843701A220E10B9500910A1D /* poputkaTests.swift */; };
		843701AE20E10B9500910A1D /* poputkaUITests.swift in Sources */ = {isa = PBXBuildFile; fileRef = 843701AD20E10B9500910A1D /* poputkaUITests.swift */; };
		84AC902120EA1F7400D65752 /* PageTitleLabel.swift in Sources */ = {isa = PBXBuildFile; fileRef = 84AC902020EA1F7400D65752 /* PageTitleLabel.swift */; };
		84AC902820EA4FAB00D65752 /* MenuTableViewCell.swift in Sources */ = {isa = PBXBuildFile; fileRef = 84AC902720EA4FAB00D65752 /* MenuTableViewCell.swift */; };
		84F486A120EB56BF0005C153 /* SidebarOverlay.swift in Sources */ = {isa = PBXBuildFile; fileRef = 84F486A020EB56BF0005C153 /* SidebarOverlay.swift */; };
		84F486A320EB578D0005C153 /* MainViewController.swift in Sources */ = {isa = PBXBuildFile; fileRef = 84F486A220EB578D0005C153 /* MainViewController.swift */; };
		84F486A520EB58000005C153 /* MenuViewController.swift in Sources */ = {isa = PBXBuildFile; fileRef = 84F486A420EB58000005C153 /* MenuViewController.swift */; };
		84F486A820EB76AA0005C153 /* style.json in Resources */ = {isa = PBXBuildFile; fileRef = 84F486A720EB76AA0005C153 /* style.json */; };
		84F486AA20EB77780005C153 /* Style.swift in Sources */ = {isa = PBXBuildFile; fileRef = 84F486A920EB77780005C153 /* Style.swift */; };
		84FF052D20EE2FEC00407A9D /* Profile.storyboard in Resources */ = {isa = PBXBuildFile; fileRef = 84FF052C20EE2FEC00407A9D /* Profile.storyboard */; };
		84FF052F20EE300800407A9D /* ProfileViewController.swift in Sources */ = {isa = PBXBuildFile; fileRef = 84FF052E20EE300800407A9D /* ProfileViewController.swift */; };
		84FF053120EE412400407A9D /* ProfileInfoCell.swift in Sources */ = {isa = PBXBuildFile; fileRef = 84FF053020EE412400407A9D /* ProfileInfoCell.swift */; };
		95710539F2BB74B1DBD4EE8A /* Pods_poputka.framework in Frameworks */ = {isa = PBXBuildFile; fileRef = 9B35595F8300CE869C7A24DD /* Pods_poputka.framework */; };
/* End PBXBuildFile section */

/* Begin PBXContainerItemProxy section */
		8437019F20E10B9500910A1D /* PBXContainerItemProxy */ = {
			isa = PBXContainerItemProxy;
			containerPortal = 8437018220E10B9500910A1D /* Project object */;
			proxyType = 1;
			remoteGlobalIDString = 8437018920E10B9500910A1D;
			remoteInfo = poputka;
		};
		843701AA20E10B9500910A1D /* PBXContainerItemProxy */ = {
			isa = PBXContainerItemProxy;
			containerPortal = 8437018220E10B9500910A1D /* Project object */;
			proxyType = 1;
			remoteGlobalIDString = 8437018920E10B9500910A1D;
			remoteInfo = poputka;
		};
/* End PBXContainerItemProxy section */

/* Begin PBXFileReference section */
		840596AE20F3811F00E54DD2 /* ProfileViewCell.swift */ = {isa = PBXFileReference; lastKnownFileType = sourcecode.swift; path = ProfileViewCell.swift; sourceTree = "<group>"; };
		840596B020F3948A00E54DD2 /* FormViewController.swift */ = {isa = PBXFileReference; lastKnownFileType = sourcecode.swift; path = FormViewController.swift; sourceTree = "<group>"; };
		84135B0920E62ADB001F6531 /* Login.storyboard */ = {isa = PBXFileReference; lastKnownFileType = file.storyboard; path = Login.storyboard; sourceTree = "<group>"; };
		84135B0C20E62AFF001F6531 /* Registration.storyboard */ = {isa = PBXFileReference; lastKnownFileType = file.storyboard; path = Registration.storyboard; sourceTree = "<group>"; };
		84135B0F20E62B2A001F6531 /* Recovery.storyboard */ = {isa = PBXFileReference; lastKnownFileType = file.storyboard; path = Recovery.storyboard; sourceTree = "<group>"; };
		84135B1620E62F33001F6531 /* RecoveryPhoneViewController.swift */ = {isa = PBXFileReference; lastKnownFileType = sourcecode.swift; path = RecoveryPhoneViewController.swift; sourceTree = "<group>"; };
		84135B1820E62F52001F6531 /* RevoveryPasswordViewController.swift */ = {isa = PBXFileReference; lastKnownFileType = sourcecode.swift; path = RevoveryPasswordViewController.swift; sourceTree = "<group>"; };
		84135B1A20E62F64001F6531 /* RecoveryViewController.swift */ = {isa = PBXFileReference; lastKnownFileType = sourcecode.swift; path = RecoveryViewController.swift; sourceTree = "<group>"; };
		84135B1C20E62F7B001F6531 /* RegistrationViewController.swift */ = {isa = PBXFileReference; lastKnownFileType = sourcecode.swift; path = RegistrationViewController.swift; sourceTree = "<group>"; };
		84135B1E20E62F8F001F6531 /* LoginViewController.swift */ = {isa = PBXFileReference; lastKnownFileType = sourcecode.swift; path = LoginViewController.swift; sourceTree = "<group>"; };
		84135B2020E63104001F6531 /* BlueView.swift */ = {isa = PBXFileReference; lastKnownFileType = sourcecode.swift; path = BlueView.swift; sourceTree = "<group>"; };
		84135B2320E6323E001F6531 /* Extentions.swift */ = {isa = PBXFileReference; lastKnownFileType = sourcecode.swift; path = Extentions.swift; sourceTree = "<group>"; };
		84135B2520E63303001F6531 /* Constants.swift */ = {isa = PBXFileReference; lastKnownFileType = sourcecode.swift; path = Constants.swift; sourceTree = "<group>"; };
		84135B2720E634E0001F6531 /* BlueButton.swift */ = {isa = PBXFileReference; lastKnownFileType = sourcecode.swift; path = BlueButton.swift; sourceTree = "<group>"; };
		84135B2920E63974001F6531 /* RegistrationButton.swift */ = {isa = PBXFileReference; lastKnownFileType = sourcecode.swift; path = RegistrationButton.swift; sourceTree = "<group>"; };
		84135B2B20E646DD001F6531 /* HBSegmentedControl.swift */ = {isa = PBXFileReference; fileEncoding = 4; lastKnownFileType = sourcecode.swift; path = HBSegmentedControl.swift; sourceTree = "<group>"; };
		84135B3020E64C65001F6531 /* Roboto-MediumItalic.ttf */ = {isa = PBXFileReference; lastKnownFileType = file; path = "Roboto-MediumItalic.ttf"; sourceTree = "<group>"; };
		84135B3120E64C66001F6531 /* Roboto-Medium.ttf */ = {isa = PBXFileReference; lastKnownFileType = file; path = "Roboto-Medium.ttf"; sourceTree = "<group>"; };
		84135B3220E64C66001F6531 /* Roboto-Bold.ttf */ = {isa = PBXFileReference; lastKnownFileType = file; path = "Roboto-Bold.ttf"; sourceTree = "<group>"; };
		84135B3320E64C73001F6531 /* Roboto-Regular.ttf */ = {isa = PBXFileReference; lastKnownFileType = file; path = "Roboto-Regular.ttf"; sourceTree = "<group>"; };
		84135B3420E64C84001F6531 /* Roboto-Light.ttf */ = {isa = PBXFileReference; lastKnownFileType = file; path = "Roboto-Light.ttf"; sourceTree = "<group>"; };
		8422C25820F4C6200067A909 /* Roboto-Italic.ttf */ = {isa = PBXFileReference; lastKnownFileType = file; path = "Roboto-Italic.ttf"; sourceTree = "<group>"; };
		8437018A20E10B9500910A1D /* poputka.app */ = {isa = PBXFileReference; explicitFileType = wrapper.application; includeInIndex = 0; path = poputka.app; sourceTree = BUILT_PRODUCTS_DIR; };
		8437018D20E10B9500910A1D /* AppDelegate.swift */ = {isa = PBXFileReference; lastKnownFileType = sourcecode.swift; path = AppDelegate.swift; sourceTree = "<group>"; };
		8437019220E10B9500910A1D /* Base */ = {isa = PBXFileReference; lastKnownFileType = file.storyboard; name = Base; path = Base.lproj/Main.storyboard; sourceTree = "<group>"; };
		8437019420E10B9500910A1D /* Assets.xcassets */ = {isa = PBXFileReference; lastKnownFileType = folder.assetcatalog; path = Assets.xcassets; sourceTree = "<group>"; };
		8437019720E10B9500910A1D /* Base */ = {isa = PBXFileReference; lastKnownFileType = file.storyboard; name = Base; path = Base.lproj/LaunchScreen.storyboard; sourceTree = "<group>"; };
		8437019920E10B9500910A1D /* Info.plist */ = {isa = PBXFileReference; lastKnownFileType = text.plist.xml; path = Info.plist; sourceTree = "<group>"; };
		8437019E20E10B9500910A1D /* poputkaTests.xctest */ = {isa = PBXFileReference; explicitFileType = wrapper.cfbundle; includeInIndex = 0; path = poputkaTests.xctest; sourceTree = BUILT_PRODUCTS_DIR; };
		843701A220E10B9500910A1D /* poputkaTests.swift */ = {isa = PBXFileReference; lastKnownFileType = sourcecode.swift; path = poputkaTests.swift; sourceTree = "<group>"; };
		843701A420E10B9500910A1D /* Info.plist */ = {isa = PBXFileReference; lastKnownFileType = text.plist.xml; path = Info.plist; sourceTree = "<group>"; };
		843701A920E10B9500910A1D /* poputkaUITests.xctest */ = {isa = PBXFileReference; explicitFileType = wrapper.cfbundle; includeInIndex = 0; path = poputkaUITests.xctest; sourceTree = BUILT_PRODUCTS_DIR; };
		843701AD20E10B9500910A1D /* poputkaUITests.swift */ = {isa = PBXFileReference; lastKnownFileType = sourcecode.swift; path = poputkaUITests.swift; sourceTree = "<group>"; };
		843701AF20E10B9500910A1D /* Info.plist */ = {isa = PBXFileReference; lastKnownFileType = text.plist.xml; path = Info.plist; sourceTree = "<group>"; };
		84AC902020EA1F7400D65752 /* PageTitleLabel.swift */ = {isa = PBXFileReference; lastKnownFileType = sourcecode.swift; path = PageTitleLabel.swift; sourceTree = "<group>"; };
		84AC902720EA4FAB00D65752 /* MenuTableViewCell.swift */ = {isa = PBXFileReference; lastKnownFileType = sourcecode.swift; path = MenuTableViewCell.swift; sourceTree = "<group>"; };
		84F486A020EB56BF0005C153 /* SidebarOverlay.swift */ = {isa = PBXFileReference; lastKnownFileType = sourcecode.swift; path = SidebarOverlay.swift; sourceTree = "<group>"; };
		84F486A220EB578D0005C153 /* MainViewController.swift */ = {isa = PBXFileReference; lastKnownFileType = sourcecode.swift; path = MainViewController.swift; sourceTree = "<group>"; };
		84F486A420EB58000005C153 /* MenuViewController.swift */ = {isa = PBXFileReference; lastKnownFileType = sourcecode.swift; path = MenuViewController.swift; sourceTree = "<group>"; };
		84F486A720EB76AA0005C153 /* style.json */ = {isa = PBXFileReference; lastKnownFileType = text.json; path = style.json; sourceTree = "<group>"; };
		84F486A920EB77780005C153 /* Style.swift */ = {isa = PBXFileReference; lastKnownFileType = sourcecode.swift; path = Style.swift; sourceTree = "<group>"; };
		84FF052C20EE2FEC00407A9D /* Profile.storyboard */ = {isa = PBXFileReference; lastKnownFileType = file.storyboard; path = Profile.storyboard; sourceTree = "<group>"; };
		84FF052E20EE300800407A9D /* ProfileViewController.swift */ = {isa = PBXFileReference; lastKnownFileType = sourcecode.swift; path = ProfileViewController.swift; sourceTree = "<group>"; };
		84FF053020EE412400407A9D /* ProfileInfoCell.swift */ = {isa = PBXFileReference; lastKnownFileType = sourcecode.swift; path = ProfileInfoCell.swift; sourceTree = "<group>"; };
		9B35595F8300CE869C7A24DD /* Pods_poputka.framework */ = {isa = PBXFileReference; explicitFileType = wrapper.framework; includeInIndex = 0; path = Pods_poputka.framework; sourceTree = BUILT_PRODUCTS_DIR; };
		AA3DC706BD3560BEDB244BAB /* Pods-poputka.release.xcconfig */ = {isa = PBXFileReference; includeInIndex = 1; lastKnownFileType = text.xcconfig; name = "Pods-poputka.release.xcconfig"; path = "Pods/Target Support Files/Pods-poputka/Pods-poputka.release.xcconfig"; sourceTree = "<group>"; };
		FD08AAE77C8ABFB62BD09D59 /* Pods-poputka.debug.xcconfig */ = {isa = PBXFileReference; includeInIndex = 1; lastKnownFileType = text.xcconfig; name = "Pods-poputka.debug.xcconfig"; path = "Pods/Target Support Files/Pods-poputka/Pods-poputka.debug.xcconfig"; sourceTree = "<group>"; };
/* End PBXFileReference section */

/* Begin PBXFrameworksBuildPhase section */
		8437018720E10B9500910A1D /* Frameworks */ = {
			isa = PBXFrameworksBuildPhase;
			buildActionMask = 2147483647;
			files = (
				95710539F2BB74B1DBD4EE8A /* Pods_poputka.framework in Frameworks */,
			);
			runOnlyForDeploymentPostprocessing = 0;
		};
		8437019B20E10B9500910A1D /* Frameworks */ = {
			isa = PBXFrameworksBuildPhase;
			buildActionMask = 2147483647;
			files = (
			);
			runOnlyForDeploymentPostprocessing = 0;
		};
		843701A620E10B9500910A1D /* Frameworks */ = {
			isa = PBXFrameworksBuildPhase;
			buildActionMask = 2147483647;
			files = (
			);
			runOnlyForDeploymentPostprocessing = 0;
		};
/* End PBXFrameworksBuildPhase section */

/* Begin PBXGroup section */
		0F26637C8A4D258B6FF6FC57 /* Pods */ = {
			isa = PBXGroup;
			children = (
				FD08AAE77C8ABFB62BD09D59 /* Pods-poputka.debug.xcconfig */,
				AA3DC706BD3560BEDB244BAB /* Pods-poputka.release.xcconfig */,
			);
			name = Pods;
			sourceTree = "<group>";
		};
		84135B0620E62A86001F6531 /* Login */ = {
			isa = PBXGroup;
			children = (
				84135B0920E62ADB001F6531 /* Login.storyboard */,
				84135B1E20E62F8F001F6531 /* LoginViewController.swift */,
			);
			name = Login;
			path = "../New Group/Login";
			sourceTree = "<group>";
		};
		84135B0B20E62AE2001F6531 /* Registration */ = {
			isa = PBXGroup;
			children = (
				84135B0C20E62AFF001F6531 /* Registration.storyboard */,
				84135B1C20E62F7B001F6531 /* RegistrationViewController.swift */,
			);
			path = Registration;
			sourceTree = "<group>";
		};
		84135B0E20E62B04001F6531 /* Recovery */ = {
			isa = PBXGroup;
			children = (
				84135B0F20E62B2A001F6531 /* Recovery.storyboard */,
				84135B1620E62F33001F6531 /* RecoveryPhoneViewController.swift */,
				84135B1820E62F52001F6531 /* RevoveryPasswordViewController.swift */,
				84135B1A20E62F64001F6531 /* RecoveryViewController.swift */,
			);
			path = Recovery;
			sourceTree = "<group>";
		};
		84135B1120E62B47001F6531 /* SupportingFiles */ = {
			isa = PBXGroup;
			children = (
				84F486AB20EB7B1A0005C153 /* SegmentedController */,
				84F486A620EB767E0005C153 /* Networks */,
				84135B2F20E64C03001F6531 /* Font */,
				84135B2E20E649F0001F6531 /* Extensions */,
				84135B2D20E649E7001F6531 /* CustomUI */,
				84135B2520E63303001F6531 /* Constants.swift */,
			);
			path = SupportingFiles;
			sourceTree = "<group>";
		};
		84135B1220E62DC8001F6531 /* Controllers */ = {
			isa = PBXGroup;
			children = (
				84FF052B20EE2FD700407A9D /* Profile */,
				84135B1320E62EA5001F6531 /* Main */,
				84135B0E20E62B04001F6531 /* Recovery */,
				84135B0B20E62AE2001F6531 /* Registration */,
				84135B0620E62A86001F6531 /* Login */,
			);
			path = Controllers;
			sourceTree = "<group>";
		};
		84135B1320E62EA5001F6531 /* Main */ = {
			isa = PBXGroup;
			children = (
				8437019120E10B9500910A1D /* Main.storyboard */,
				84F486A020EB56BF0005C153 /* SidebarOverlay.swift */,
				84F486A220EB578D0005C153 /* MainViewController.swift */,
				84F486A420EB58000005C153 /* MenuViewController.swift */,
				840596B020F3948A00E54DD2 /* FormViewController.swift */,
			);
			path = Main;
			sourceTree = "<group>";
		};
		84135B2D20E649E7001F6531 /* CustomUI */ = {
			isa = PBXGroup;
			children = (
				84135B2020E63104001F6531 /* BlueView.swift */,
				84135B2720E634E0001F6531 /* BlueButton.swift */,
				84135B2920E63974001F6531 /* RegistrationButton.swift */,
				84AC902020EA1F7400D65752 /* PageTitleLabel.swift */,
			);
			path = CustomUI;
			sourceTree = "<group>";
		};
		84135B2E20E649F0001F6531 /* Extensions */ = {
			isa = PBXGroup;
			children = (
				84135B2320E6323E001F6531 /* Extentions.swift */,
			);
			path = Extensions;
			sourceTree = "<group>";
		};
		84135B2F20E64C03001F6531 /* Font */ = {
			isa = PBXGroup;
			children = (
				8422C25820F4C6200067A909 /* Roboto-Italic.ttf */,
				84135B3420E64C84001F6531 /* Roboto-Light.ttf */,
				84135B3320E64C73001F6531 /* Roboto-Regular.ttf */,
				84135B3220E64C66001F6531 /* Roboto-Bold.ttf */,
				84135B3120E64C66001F6531 /* Roboto-Medium.ttf */,
				84135B3020E64C65001F6531 /* Roboto-MediumItalic.ttf */,
			);
			path = Font;
			sourceTree = "<group>";
		};
		8437018120E10B9500910A1D = {
			isa = PBXGroup;
			children = (
				8437018C20E10B9500910A1D /* poputka */,
				843701A120E10B9500910A1D /* poputkaTests */,
				843701AC20E10B9500910A1D /* poputkaUITests */,
				8437018B20E10B9500910A1D /* Products */,
				0F26637C8A4D258B6FF6FC57 /* Pods */,
				C06AA78E518C99E92B1BFEBE /* Frameworks */,
			);
			sourceTree = "<group>";
		};
		8437018B20E10B9500910A1D /* Products */ = {
			isa = PBXGroup;
			children = (
				8437018A20E10B9500910A1D /* poputka.app */,
				8437019E20E10B9500910A1D /* poputkaTests.xctest */,
				843701A920E10B9500910A1D /* poputkaUITests.xctest */,
			);
			name = Products;
			sourceTree = "<group>";
		};
		8437018C20E10B9500910A1D /* poputka */ = {
			isa = PBXGroup;
			children = (
				84135B1120E62B47001F6531 /* SupportingFiles */,
				84AC902620EA4F8300D65752 /* Cells */,
				84135B1220E62DC8001F6531 /* Controllers */,
				8437018D20E10B9500910A1D /* AppDelegate.swift */,
				8437019420E10B9500910A1D /* Assets.xcassets */,
				8437019620E10B9500910A1D /* LaunchScreen.storyboard */,
				8437019920E10B9500910A1D /* Info.plist */,
			);
			path = poputka;
			sourceTree = "<group>";
		};
		843701A120E10B9500910A1D /* poputkaTests */ = {
			isa = PBXGroup;
			children = (
				843701A220E10B9500910A1D /* poputkaTests.swift */,
				843701A420E10B9500910A1D /* Info.plist */,
			);
			path = poputkaTests;
			sourceTree = "<group>";
		};
		843701AC20E10B9500910A1D /* poputkaUITests */ = {
			isa = PBXGroup;
			children = (
				843701AD20E10B9500910A1D /* poputkaUITests.swift */,
				843701AF20E10B9500910A1D /* Info.plist */,
			);
			path = poputkaUITests;
			sourceTree = "<group>";
		};
		84AC902620EA4F8300D65752 /* Cells */ = {
			isa = PBXGroup;
			children = (
				84AC902720EA4FAB00D65752 /* MenuTableViewCell.swift */,
				84FF053020EE412400407A9D /* ProfileInfoCell.swift */,
				840596AE20F3811F00E54DD2 /* ProfileViewCell.swift */,
			);
			path = Cells;
			sourceTree = "<group>";
		};
		84F486A620EB767E0005C153 /* Networks */ = {
			isa = PBXGroup;
			children = (
				84F486A720EB76AA0005C153 /* style.json */,
				84F486A920EB77780005C153 /* Style.swift */,
			);
			path = Networks;
			sourceTree = "<group>";
		};
		84F486AB20EB7B1A0005C153 /* SegmentedController */ = {
			isa = PBXGroup;
			children = (
				84135B2B20E646DD001F6531 /* HBSegmentedControl.swift */,
			);
			path = SegmentedController;
			sourceTree = "<group>";
		};
		84FF052B20EE2FD700407A9D /* Profile */ = {
			isa = PBXGroup;
			children = (
				84FF052C20EE2FEC00407A9D /* Profile.storyboard */,
				84FF052E20EE300800407A9D /* ProfileViewController.swift */,
			);
			path = Profile;
			sourceTree = "<group>";
		};
		C06AA78E518C99E92B1BFEBE /* Frameworks */ = {
			isa = PBXGroup;
			children = (
				9B35595F8300CE869C7A24DD /* Pods_poputka.framework */,
			);
			name = Frameworks;
			sourceTree = "<group>";
		};
/* End PBXGroup section */

/* Begin PBXNativeTarget section */
		8437018920E10B9500910A1D /* poputka */ = {
			isa = PBXNativeTarget;
			buildConfigurationList = 843701B220E10B9500910A1D /* Build configuration list for PBXNativeTarget "poputka" */;
			buildPhases = (
				01C49A7E087F2742013FE23B /* [CP] Check Pods Manifest.lock */,
				8437018620E10B9500910A1D /* Sources */,
				8437018720E10B9500910A1D /* Frameworks */,
				8437018820E10B9500910A1D /* Resources */,
				D11A7C69E3E32C6F3946952D /* [CP] Copy Pods Resources */,
				A3E040B378EF8515650090DB /* [CP] Embed Pods Frameworks */,
			);
			buildRules = (
			);
			dependencies = (
			);
			name = poputka;
			productName = poputka;
			productReference = 8437018A20E10B9500910A1D /* poputka.app */;
			productType = "com.apple.product-type.application";
		};
		8437019D20E10B9500910A1D /* poputkaTests */ = {
			isa = PBXNativeTarget;
			buildConfigurationList = 843701B520E10B9500910A1D /* Build configuration list for PBXNativeTarget "poputkaTests" */;
			buildPhases = (
				8437019A20E10B9500910A1D /* Sources */,
				8437019B20E10B9500910A1D /* Frameworks */,
				8437019C20E10B9500910A1D /* Resources */,
			);
			buildRules = (
			);
			dependencies = (
				843701A020E10B9500910A1D /* PBXTargetDependency */,
			);
			name = poputkaTests;
			productName = poputkaTests;
			productReference = 8437019E20E10B9500910A1D /* poputkaTests.xctest */;
			productType = "com.apple.product-type.bundle.unit-test";
		};
		843701A820E10B9500910A1D /* poputkaUITests */ = {
			isa = PBXNativeTarget;
			buildConfigurationList = 843701B820E10B9500910A1D /* Build configuration list for PBXNativeTarget "poputkaUITests" */;
			buildPhases = (
				843701A520E10B9500910A1D /* Sources */,
				843701A620E10B9500910A1D /* Frameworks */,
				843701A720E10B9500910A1D /* Resources */,
			);
			buildRules = (
			);
			dependencies = (
				843701AB20E10B9500910A1D /* PBXTargetDependency */,
			);
			name = poputkaUITests;
			productName = poputkaUITests;
			productReference = 843701A920E10B9500910A1D /* poputkaUITests.xctest */;
			productType = "com.apple.product-type.bundle.ui-testing";
		};
/* End PBXNativeTarget section */

/* Begin PBXProject section */
		8437018220E10B9500910A1D /* Project object */ = {
			isa = PBXProject;
			attributes = {
				LastSwiftUpdateCheck = 0920;
				LastUpgradeCheck = 0920;
				ORGANIZATIONNAME = ITLabAdmin;
				TargetAttributes = {
					8437018920E10B9500910A1D = {
						CreatedOnToolsVersion = 9.2;
						ProvisioningStyle = Automatic;
					};
					8437019D20E10B9500910A1D = {
						CreatedOnToolsVersion = 9.2;
						ProvisioningStyle = Automatic;
						TestTargetID = 8437018920E10B9500910A1D;
					};
					843701A820E10B9500910A1D = {
						CreatedOnToolsVersion = 9.2;
						ProvisioningStyle = Automatic;
						TestTargetID = 8437018920E10B9500910A1D;
					};
				};
			};
			buildConfigurationList = 8437018520E10B9500910A1D /* Build configuration list for PBXProject "poputka" */;
			compatibilityVersion = "Xcode 8.0";
			developmentRegion = en;
			hasScannedForEncodings = 0;
			knownRegions = (
				en,
				Base,
			);
			mainGroup = 8437018120E10B9500910A1D;
			productRefGroup = 8437018B20E10B9500910A1D /* Products */;
			projectDirPath = "";
			projectRoot = "";
			targets = (
				8437018920E10B9500910A1D /* poputka */,
				8437019D20E10B9500910A1D /* poputkaTests */,
				843701A820E10B9500910A1D /* poputkaUITests */,
			);
		};
/* End PBXProject section */

/* Begin PBXResourcesBuildPhase section */
		8437018820E10B9500910A1D /* Resources */ = {
			isa = PBXResourcesBuildPhase;
			buildActionMask = 2147483647;
			files = (
				84135B3820E64EF0001F6531 /* Roboto-Medium.ttf in Resources */,
				84135B0D20E62AFF001F6531 /* Registration.storyboard in Resources */,
				84135B0A20E62ADB001F6531 /* Login.storyboard in Resources */,
				84F486A820EB76AA0005C153 /* style.json in Resources */,
				84135B3620E64EEC001F6531 /* Roboto-Regular.ttf in Resources */,
				84FF052D20EE2FEC00407A9D /* Profile.storyboard in Resources */,
				8437019820E10B9500910A1D /* LaunchScreen.storyboard in Resources */,
				8437019520E10B9500910A1D /* Assets.xcassets in Resources */,
				84135B3720E64EEE001F6531 /* Roboto-Bold.ttf in Resources */,
				84135B3520E64EEA001F6531 /* Roboto-Light.ttf in Resources */,
				8437019320E10B9500910A1D /* Main.storyboard in Resources */,
				84135B3920E64EF3001F6531 /* Roboto-MediumItalic.ttf in Resources */,
				84135B1020E62B2A001F6531 /* Recovery.storyboard in Resources */,
			);
			runOnlyForDeploymentPostprocessing = 0;
		};
		8437019C20E10B9500910A1D /* Resources */ = {
			isa = PBXResourcesBuildPhase;
			buildActionMask = 2147483647;
			files = (
			);
			runOnlyForDeploymentPostprocessing = 0;
		};
		843701A720E10B9500910A1D /* Resources */ = {
			isa = PBXResourcesBuildPhase;
			buildActionMask = 2147483647;
			files = (
			);
			runOnlyForDeploymentPostprocessing = 0;
		};
/* End PBXResourcesBuildPhase section */

/* Begin PBXShellScriptBuildPhase section */
		01C49A7E087F2742013FE23B /* [CP] Check Pods Manifest.lock */ = {
			isa = PBXShellScriptBuildPhase;
			buildActionMask = 2147483647;
			files = (
			);
			inputPaths = (
				"${PODS_PODFILE_DIR_PATH}/Podfile.lock",
				"${PODS_ROOT}/Manifest.lock",
			);
			name = "[CP] Check Pods Manifest.lock";
			outputPaths = (
				"$(DERIVED_FILE_DIR)/Pods-poputka-checkManifestLockResult.txt",
			);
			runOnlyForDeploymentPostprocessing = 0;
			shellPath = /bin/sh;
			shellScript = "diff \"${PODS_PODFILE_DIR_PATH}/Podfile.lock\" \"${PODS_ROOT}/Manifest.lock\" > /dev/null\nif [ $? != 0 ] ; then\n    # print error to STDERR\n    echo \"error: The sandbox is not in sync with the Podfile.lock. Run 'pod install' or update your CocoaPods installation.\" >&2\n    exit 1\nfi\n# This output is used by Xcode 'outputs' to avoid re-running this script phase.\necho \"SUCCESS\" > \"${SCRIPT_OUTPUT_FILE_0}\"\n";
			showEnvVarsInLog = 0;
		};
		A3E040B378EF8515650090DB /* [CP] Embed Pods Frameworks */ = {
			isa = PBXShellScriptBuildPhase;
			buildActionMask = 2147483647;
			files = (
			);
			inputPaths = (
				"${SRCROOT}/Pods/Target Support Files/Pods-poputka/Pods-poputka-frameworks.sh",
				"${BUILT_PRODUCTS_DIR}/Alamofire/Alamofire.framework",
				"${BUILT_PRODUCTS_DIR}/DLRadioButton/DLRadioButton.framework",
				"${BUILT_PRODUCTS_DIR}/IQKeyboardManager/IQKeyboardManager.framework",
				"${BUILT_PRODUCTS_DIR}/Jelly/Jelly.framework",
				"${BUILT_PRODUCTS_DIR}/SidebarOverlay/SidebarOverlay.framework",
				"${BUILT_PRODUCTS_DIR}/SwiftyJSON/SwiftyJSON.framework",
			);
			name = "[CP] Embed Pods Frameworks";
			outputPaths = (
				"${TARGET_BUILD_DIR}/${FRAMEWORKS_FOLDER_PATH}/Alamofire.framework",
				"${TARGET_BUILD_DIR}/${FRAMEWORKS_FOLDER_PATH}/DLRadioButton.framework",
				"${TARGET_BUILD_DIR}/${FRAMEWORKS_FOLDER_PATH}/IQKeyboardManager.framework",
				"${TARGET_BUILD_DIR}/${FRAMEWORKS_FOLDER_PATH}/Jelly.framework",
				"${TARGET_BUILD_DIR}/${FRAMEWORKS_FOLDER_PATH}/SidebarOverlay.framework",
				"${TARGET_BUILD_DIR}/${FRAMEWORKS_FOLDER_PATH}/SwiftyJSON.framework",
			);
			runOnlyForDeploymentPostprocessing = 0;
			shellPath = /bin/sh;
			shellScript = "\"${SRCROOT}/Pods/Target Support Files/Pods-poputka/Pods-poputka-frameworks.sh\"\n";
			showEnvVarsInLog = 0;
		};
		D11A7C69E3E32C6F3946952D /* [CP] Copy Pods Resources */ = {
			isa = PBXShellScriptBuildPhase;
			buildActionMask = 2147483647;
			files = (
			);
			inputPaths = (
				"${SRCROOT}/Pods/Target Support Files/Pods-poputka/Pods-poputka-resources.sh",
				"${PODS_ROOT}/GoogleMaps/Maps/Frameworks/GoogleMaps.framework/Resources/GoogleMaps.bundle",
				"${PODS_ROOT}/GooglePlaces/Frameworks/GooglePlaces.framework/Resources/GooglePlaces.bundle",
			);
			name = "[CP] Copy Pods Resources";
			outputPaths = (
				"${TARGET_BUILD_DIR}/${UNLOCALIZED_RESOURCES_FOLDER_PATH}/GoogleMaps.bundle",
				"${TARGET_BUILD_DIR}/${UNLOCALIZED_RESOURCES_FOLDER_PATH}/GooglePlaces.bundle",
			);
			runOnlyForDeploymentPostprocessing = 0;
			shellPath = /bin/sh;
			shellScript = "\"${SRCROOT}/Pods/Target Support Files/Pods-poputka/Pods-poputka-resources.sh\"\n";
			showEnvVarsInLog = 0;
		};
/* End PBXShellScriptBuildPhase section */

/* Begin PBXSourcesBuildPhase section */
		8437018620E10B9500910A1D /* Sources */ = {
			isa = PBXSourcesBuildPhase;
			buildActionMask = 2147483647;
			files = (
				84AC902120EA1F7400D65752 /* PageTitleLabel.swift in Sources */,
				84135B1F20E62F8F001F6531 /* LoginViewController.swift in Sources */,
				84135B1D20E62F7B001F6531 /* RegistrationViewController.swift in Sources */,
				840596AF20F3811F00E54DD2 /* ProfileViewCell.swift in Sources */,
				84135B1B20E62F64001F6531 /* RecoveryViewController.swift in Sources */,
				8437018E20E10B9500910A1D /* AppDelegate.swift in Sources */,
				84AC902820EA4FAB00D65752 /* MenuTableViewCell.swift in Sources */,
				84F486A120EB56BF0005C153 /* SidebarOverlay.swift in Sources */,
				84F486AA20EB77780005C153 /* Style.swift in Sources */,
				84F486A320EB578D0005C153 /* MainViewController.swift in Sources */,
				84FF053120EE412400407A9D /* ProfileInfoCell.swift in Sources */,
				84FF052F20EE300800407A9D /* ProfileViewController.swift in Sources */,
				840596B120F3948A00E54DD2 /* FormViewController.swift in Sources */,
				84135B2120E63104001F6531 /* BlueView.swift in Sources */,
				84135B2620E63303001F6531 /* Constants.swift in Sources */,
				84135B1720E62F33001F6531 /* RecoveryPhoneViewController.swift in Sources */,
				84F486A520EB58000005C153 /* MenuViewController.swift in Sources */,
				84135B2820E634E0001F6531 /* BlueButton.swift in Sources */,
				84135B1920E62F52001F6531 /* RevoveryPasswordViewController.swift in Sources */,
				84135B2A20E63974001F6531 /* RegistrationButton.swift in Sources */,
				84135B2420E6323E001F6531 /* Extentions.swift in Sources */,
				84135B2C20E646DD001F6531 /* HBSegmentedControl.swift in Sources */,
			);
			runOnlyForDeploymentPostprocessing = 0;
		};
		8437019A20E10B9500910A1D /* Sources */ = {
			isa = PBXSourcesBuildPhase;
			buildActionMask = 2147483647;
			files = (
				843701A320E10B9500910A1D /* poputkaTests.swift in Sources */,
			);
			runOnlyForDeploymentPostprocessing = 0;
		};
		843701A520E10B9500910A1D /* Sources */ = {
			isa = PBXSourcesBuildPhase;
			buildActionMask = 2147483647;
			files = (
				843701AE20E10B9500910A1D /* poputkaUITests.swift in Sources */,
			);
			runOnlyForDeploymentPostprocessing = 0;
		};
/* End PBXSourcesBuildPhase section */

/* Begin PBXTargetDependency section */
		843701A020E10B9500910A1D /* PBXTargetDependency */ = {
			isa = PBXTargetDependency;
			target = 8437018920E10B9500910A1D /* poputka */;
			targetProxy = 8437019F20E10B9500910A1D /* PBXContainerItemProxy */;
		};
		843701AB20E10B9500910A1D /* PBXTargetDependency */ = {
			isa = PBXTargetDependency;
			target = 8437018920E10B9500910A1D /* poputka */;
			targetProxy = 843701AA20E10B9500910A1D /* PBXContainerItemProxy */;
		};
/* End PBXTargetDependency section */

/* Begin PBXVariantGroup section */
		8437019120E10B9500910A1D /* Main.storyboard */ = {
			isa = PBXVariantGroup;
			children = (
				8437019220E10B9500910A1D /* Base */,
			);
			name = Main.storyboard;
			sourceTree = "<group>";
		};
		8437019620E10B9500910A1D /* LaunchScreen.storyboard */ = {
			isa = PBXVariantGroup;
			children = (
				8437019720E10B9500910A1D /* Base */,
			);
			name = LaunchScreen.storyboard;
			sourceTree = "<group>";
		};
/* End PBXVariantGroup section */

/* Begin XCBuildConfiguration section */
		843701B020E10B9500910A1D /* Debug */ = {
			isa = XCBuildConfiguration;
			buildSettings = {
				ALWAYS_SEARCH_USER_PATHS = NO;
				CLANG_ANALYZER_NONNULL = YES;
				CLANG_ANALYZER_NUMBER_OBJECT_CONVERSION = YES_AGGRESSIVE;
				CLANG_CXX_LANGUAGE_STANDARD = "gnu++14";
				CLANG_CXX_LIBRARY = "libc++";
				CLANG_ENABLE_MODULES = YES;
				CLANG_ENABLE_OBJC_ARC = YES;
				CLANG_WARN_BLOCK_CAPTURE_AUTORELEASING = YES;
				CLANG_WARN_BOOL_CONVERSION = YES;
				CLANG_WARN_COMMA = YES;
				CLANG_WARN_CONSTANT_CONVERSION = YES;
				CLANG_WARN_DIRECT_OBJC_ISA_USAGE = YES_ERROR;
				CLANG_WARN_DOCUMENTATION_COMMENTS = YES;
				CLANG_WARN_EMPTY_BODY = YES;
				CLANG_WARN_ENUM_CONVERSION = YES;
				CLANG_WARN_INFINITE_RECURSION = YES;
				CLANG_WARN_INT_CONVERSION = YES;
				CLANG_WARN_NON_LITERAL_NULL_CONVERSION = YES;
				CLANG_WARN_OBJC_LITERAL_CONVERSION = YES;
				CLANG_WARN_OBJC_ROOT_CLASS = YES_ERROR;
				CLANG_WARN_RANGE_LOOP_ANALYSIS = YES;
				CLANG_WARN_STRICT_PROTOTYPES = YES;
				CLANG_WARN_SUSPICIOUS_MOVE = YES;
				CLANG_WARN_UNGUARDED_AVAILABILITY = YES_AGGRESSIVE;
				CLANG_WARN_UNREACHABLE_CODE = YES;
				CLANG_WARN__DUPLICATE_METHOD_MATCH = YES;
				CODE_SIGN_IDENTITY = "iPhone Developer";
				COPY_PHASE_STRIP = NO;
				DEBUG_INFORMATION_FORMAT = dwarf;
				ENABLE_STRICT_OBJC_MSGSEND = YES;
				ENABLE_TESTABILITY = YES;
				GCC_C_LANGUAGE_STANDARD = gnu11;
				GCC_DYNAMIC_NO_PIC = NO;
				GCC_NO_COMMON_BLOCKS = YES;
				GCC_OPTIMIZATION_LEVEL = 0;
				GCC_PREPROCESSOR_DEFINITIONS = (
					"DEBUG=1",
					"$(inherited)",
				);
				GCC_WARN_64_TO_32_BIT_CONVERSION = YES;
				GCC_WARN_ABOUT_RETURN_TYPE = YES_ERROR;
				GCC_WARN_UNDECLARED_SELECTOR = YES;
				GCC_WARN_UNINITIALIZED_AUTOS = YES_AGGRESSIVE;
				GCC_WARN_UNUSED_FUNCTION = YES;
				GCC_WARN_UNUSED_VARIABLE = YES;
				IPHONEOS_DEPLOYMENT_TARGET = 11.2;
				MTL_ENABLE_DEBUG_INFO = YES;
				ONLY_ACTIVE_ARCH = YES;
				SDKROOT = iphoneos;
				SWIFT_ACTIVE_COMPILATION_CONDITIONS = DEBUG;
				SWIFT_OPTIMIZATION_LEVEL = "-Onone";
			};
			name = Debug;
		};
		843701B120E10B9500910A1D /* Release */ = {
			isa = XCBuildConfiguration;
			buildSettings = {
				ALWAYS_SEARCH_USER_PATHS = NO;
				CLANG_ANALYZER_NONNULL = YES;
				CLANG_ANALYZER_NUMBER_OBJECT_CONVERSION = YES_AGGRESSIVE;
				CLANG_CXX_LANGUAGE_STANDARD = "gnu++14";
				CLANG_CXX_LIBRARY = "libc++";
				CLANG_ENABLE_MODULES = YES;
				CLANG_ENABLE_OBJC_ARC = YES;
				CLANG_WARN_BLOCK_CAPTURE_AUTORELEASING = YES;
				CLANG_WARN_BOOL_CONVERSION = YES;
				CLANG_WARN_COMMA = YES;
				CLANG_WARN_CONSTANT_CONVERSION = YES;
				CLANG_WARN_DIRECT_OBJC_ISA_USAGE = YES_ERROR;
				CLANG_WARN_DOCUMENTATION_COMMENTS = YES;
				CLANG_WARN_EMPTY_BODY = YES;
				CLANG_WARN_ENUM_CONVERSION = YES;
				CLANG_WARN_INFINITE_RECURSION = YES;
				CLANG_WARN_INT_CONVERSION = YES;
				CLANG_WARN_NON_LITERAL_NULL_CONVERSION = YES;
				CLANG_WARN_OBJC_LITERAL_CONVERSION = YES;
				CLANG_WARN_OBJC_ROOT_CLASS = YES_ERROR;
				CLANG_WARN_RANGE_LOOP_ANALYSIS = YES;
				CLANG_WARN_STRICT_PROTOTYPES = YES;
				CLANG_WARN_SUSPICIOUS_MOVE = YES;
				CLANG_WARN_UNGUARDED_AVAILABILITY = YES_AGGRESSIVE;
				CLANG_WARN_UNREACHABLE_CODE = YES;
				CLANG_WARN__DUPLICATE_METHOD_MATCH = YES;
				CODE_SIGN_IDENTITY = "iPhone Developer";
				COPY_PHASE_STRIP = NO;
				DEBUG_INFORMATION_FORMAT = "dwarf-with-dsym";
				ENABLE_NS_ASSERTIONS = NO;
				ENABLE_STRICT_OBJC_MSGSEND = YES;
				GCC_C_LANGUAGE_STANDARD = gnu11;
				GCC_NO_COMMON_BLOCKS = YES;
				GCC_WARN_64_TO_32_BIT_CONVERSION = YES;
				GCC_WARN_ABOUT_RETURN_TYPE = YES_ERROR;
				GCC_WARN_UNDECLARED_SELECTOR = YES;
				GCC_WARN_UNINITIALIZED_AUTOS = YES_AGGRESSIVE;
				GCC_WARN_UNUSED_FUNCTION = YES;
				GCC_WARN_UNUSED_VARIABLE = YES;
				IPHONEOS_DEPLOYMENT_TARGET = 11.2;
				MTL_ENABLE_DEBUG_INFO = NO;
				SDKROOT = iphoneos;
				SWIFT_OPTIMIZATION_LEVEL = "-Owholemodule";
				VALIDATE_PRODUCT = YES;
			};
			name = Release;
		};
		843701B320E10B9500910A1D /* Debug */ = {
			isa = XCBuildConfiguration;
			baseConfigurationReference = FD08AAE77C8ABFB62BD09D59 /* Pods-poputka.debug.xcconfig */;
			buildSettings = {
				ASSETCATALOG_COMPILER_APPICON_NAME = AppIcon;
				CODE_SIGN_STYLE = Automatic;
				DEVELOPMENT_TEAM = 4459UQ4UL2;
				INFOPLIST_FILE = poputka/Info.plist;
				IPHONEOS_DEPLOYMENT_TARGET = 10.0;
				LD_RUNPATH_SEARCH_PATHS = "$(inherited) @executable_path/Frameworks";
				PRODUCT_BUNDLE_IDENTIFIER = aidai.poputka;
				PRODUCT_NAME = "$(TARGET_NAME)";
				SWIFT_VERSION = 4.0;
				TARGETED_DEVICE_FAMILY = "1,2";
			};
			name = Debug;
		};
		843701B420E10B9500910A1D /* Release */ = {
			isa = XCBuildConfiguration;
			baseConfigurationReference = AA3DC706BD3560BEDB244BAB /* Pods-poputka.release.xcconfig */;
			buildSettings = {
				ASSETCATALOG_COMPILER_APPICON_NAME = AppIcon;
				CODE_SIGN_STYLE = Automatic;
				DEVELOPMENT_TEAM = 4459UQ4UL2;
				INFOPLIST_FILE = poputka/Info.plist;
				IPHONEOS_DEPLOYMENT_TARGET = 10.0;
				LD_RUNPATH_SEARCH_PATHS = "$(inherited) @executable_path/Frameworks";
				PRODUCT_BUNDLE_IDENTIFIER = aidai.poputka;
				PRODUCT_NAME = "$(TARGET_NAME)";
				SWIFT_VERSION = 4.0;
				TARGETED_DEVICE_FAMILY = "1,2";
			};
			name = Release;
		};
		843701B620E10B9500910A1D /* Debug */ = {
			isa = XCBuildConfiguration;
			buildSettings = {
				ALWAYS_EMBED_SWIFT_STANDARD_LIBRARIES = YES;
				BUNDLE_LOADER = "$(TEST_HOST)";
				CODE_SIGN_STYLE = Automatic;
				INFOPLIST_FILE = poputkaTests/Info.plist;
				LD_RUNPATH_SEARCH_PATHS = "$(inherited) @executable_path/Frameworks @loader_path/Frameworks";
				PRODUCT_BUNDLE_IDENTIFIER = aidai.poputkaTests;
				PRODUCT_NAME = "$(TARGET_NAME)";
				SWIFT_VERSION = 4.0;
				TARGETED_DEVICE_FAMILY = "1,2";
				TEST_HOST = "$(BUILT_PRODUCTS_DIR)/poputka.app/poputka";
			};
			name = Debug;
		};
		843701B720E10B9500910A1D /* Release */ = {
			isa = XCBuildConfiguration;
			buildSettings = {
				ALWAYS_EMBED_SWIFT_STANDARD_LIBRARIES = YES;
				BUNDLE_LOADER = "$(TEST_HOST)";
				CODE_SIGN_STYLE = Automatic;
				INFOPLIST_FILE = poputkaTests/Info.plist;
				LD_RUNPATH_SEARCH_PATHS = "$(inherited) @executable_path/Frameworks @loader_path/Frameworks";
				PRODUCT_BUNDLE_IDENTIFIER = aidai.poputkaTests;
				PRODUCT_NAME = "$(TARGET_NAME)";
				SWIFT_VERSION = 4.0;
				TARGETED_DEVICE_FAMILY = "1,2";
				TEST_HOST = "$(BUILT_PRODUCTS_DIR)/poputka.app/poputka";
			};
			name = Release;
		};
		843701B920E10B9500910A1D /* Debug */ = {
			isa = XCBuildConfiguration;
			buildSettings = {
				ALWAYS_EMBED_SWIFT_STANDARD_LIBRARIES = YES;
				CODE_SIGN_STYLE = Automatic;
				INFOPLIST_FILE = poputkaUITests/Info.plist;
				LD_RUNPATH_SEARCH_PATHS = "$(inherited) @executable_path/Frameworks @loader_path/Frameworks";
				PRODUCT_BUNDLE_IDENTIFIER = aidai.poputkaUITests;
				PRODUCT_NAME = "$(TARGET_NAME)";
				SWIFT_VERSION = 4.0;
				TARGETED_DEVICE_FAMILY = "1,2";
				TEST_TARGET_NAME = poputka;
			};
			name = Debug;
		};
		843701BA20E10B9500910A1D /* Release */ = {
			isa = XCBuildConfiguration;
			buildSettings = {
				ALWAYS_EMBED_SWIFT_STANDARD_LIBRARIES = YES;
				CODE_SIGN_STYLE = Automatic;
				INFOPLIST_FILE = poputkaUITests/Info.plist;
				LD_RUNPATH_SEARCH_PATHS = "$(inherited) @executable_path/Frameworks @loader_path/Frameworks";
				PRODUCT_BUNDLE_IDENTIFIER = aidai.poputkaUITests;
				PRODUCT_NAME = "$(TARGET_NAME)";
				SWIFT_VERSION = 4.0;
				TARGETED_DEVICE_FAMILY = "1,2";
				TEST_TARGET_NAME = poputka;
			};
			name = Release;
		};
/* End XCBuildConfiguration section */

/* Begin XCConfigurationList section */
		8437018520E10B9500910A1D /* Build configuration list for PBXProject "poputka" */ = {
			isa = XCConfigurationList;
			buildConfigurations = (
				843701B020E10B9500910A1D /* Debug */,
				843701B120E10B9500910A1D /* Release */,
			);
			defaultConfigurationIsVisible = 0;
			defaultConfigurationName = Release;
		};
		843701B220E10B9500910A1D /* Build configuration list for PBXNativeTarget "poputka" */ = {
			isa = XCConfigurationList;
			buildConfigurations = (
				843701B320E10B9500910A1D /* Debug */,
				843701B420E10B9500910A1D /* Release */,
			);
			defaultConfigurationIsVisible = 0;
			defaultConfigurationName = Release;
		};
		843701B520E10B9500910A1D /* Build configuration list for PBXNativeTarget "poputkaTests" */ = {
			isa = XCConfigurationList;
			buildConfigurations = (
				843701B620E10B9500910A1D /* Debug */,
				843701B720E10B9500910A1D /* Release */,
			);
			defaultConfigurationIsVisible = 0;
			defaultConfigurationName = Release;
		};
		843701B820E10B9500910A1D /* Build configuration list for PBXNativeTarget "poputkaUITests" */ = {
			isa = XCConfigurationList;
			buildConfigurations = (
				843701B920E10B9500910A1D /* Debug */,
				843701BA20E10B9500910A1D /* Release */,
			);
			defaultConfigurationIsVisible = 0;
			defaultConfigurationName = Release;
		};
/* End XCConfigurationList section */
	};
	rootObject = 8437018220E10B9500910A1D /* Project object */;
}
